
Microsoft Visual Studio Solution File, Format Version 12.00
# Visual Studio Version 17
VisualStudioVersion = 17.11.35312.102
MinimumVisualStudioVersion = 10.0.40219.1
Project("{FAE04EC0-301F-11D3-BF4B-00C04F79EFBC}") = "Truckoom_Assesment", "Truckoom_Assesment\Truckoom_Assesment.csproj", "{42A54642-1017-4E3F-AC93-558AFF93B9AF}"
EndProject
Global
	GlobalSection(SolutionConfigurationPlatforms) = preSolution
		Debug|Any CPU = Debug|Any CPU
		Release|Any CPU = Release|Any CPU
	EndGlobalSection
	GlobalSection(ProjectConfigurationPlatforms) = postSolution
		{42A54642-1017-4E3F-AC93-558AFF93B9AF}.Debug|Any CPU.ActiveCfg = Debug|Any CPU
		{42A54642-1017-4E3F-AC93-558AFF93B9AF}.Debug|Any CPU.Build.0 = Debug|Any CPU
		{42A54642-1017-4E3F-AC93-558AFF93B9AF}.Release|Any CPU.ActiveCfg = Release|Any CPU
		{42A54642-1017-4E3F-AC93-558AFF93B9AF}.Release|Any CPU.Build.0 = Release|Any CPU
	EndGlobalSection
	GlobalSection(SolutionProperties) = preSolution
		HideSolutionNode = FALSE
	EndGlobalSection
	GlobalSection(ExtensibilityGlobals) = postSolution
		SolutionGuid = {66B13E8E-7C77-41A2-A144-57C5ECA779DF}
	EndGlobalSection
EndGlobal
